{
  "name": "rc-tools",
  "version": "9.6.0",
  "lockfileVersion": 1,
  "requires": true,
  "dependencies": {
    "babel-helper-evaluate-path": {
      "version": "0.5.0",
      "resolved": "https://registry.npmjs.org/babel-helper-evaluate-path/-/babel-helper-evaluate-path-0.5.0.tgz",
      "integrity": "sha512-mUh0UhS607bGh5wUMAQfOpt2JX2ThXMtppHRdRU1kL7ZLRWIXxoV2UIV1r2cAeeNeU1M5SB5/RSUgUxrK8yOkA=="
    },
    "babel-helper-flip-expressions": {
      "version": "0.4.3",
      "resolved": "https://registry.npmjs.org/babel-helper-flip-expressions/-/babel-helper-flip-expressions-0.4.3.tgz",
      "integrity": "sha1-NpZzahKKwYvCUlS19AoizrPB0/0="
    },
    "babel-helper-is-nodes-equiv": {
      "version": "0.0.1",
      "resolved": "https://registry.npmjs.org/babel-helper-is-nodes-equiv/-/babel-helper-is-nodes-equiv-0.0.1.tgz",
      "integrity": "sha1-NOmzALFHnd2Y7HfqC76TQt/jloQ="
    },
    "babel-helper-is-void-0": {
      "version": "0.4.3",
      "resolved": "https://registry.npmjs.org/babel-helper-is-void-0/-/babel-helper-is-void-0-0.4.3.tgz",
      "integrity": "sha1-fZwBtFYee5Xb2g9u7kj1tg5nMT4="
    },
    "babel-helper-mark-eval-scopes": {
      "version": "0.4.3",
      "resolved": "https://registry.npmjs.org/babel-helper-mark-eval-scopes/-/babel-helper-mark-eval-scopes-0.4.3.tgz",
      "integrity": "sha1-0kSjvvmESHJgP/tG4izorN9VFWI="
    },
    "babel-helper-remove-or-void": {
      "version": "0.4.3",
      "resolved": "https://registry.npmjs.org/babel-helper-remove-or-void/-/babel-helper-remove-or-void-0.4.3.tgz",
      "integrity": "sha1-pPA7QAd6D/6I5F0HAQ3uJB/1rmA="
    },
    "babel-helper-to-multiple-sequence-expressions": {
      "version": "0.5.0",
      "resolved": "https://registry.npmjs.org/babel-helper-to-multiple-sequence-expressions/-/babel-helper-to-multiple-sequence-expressions-0.5.0.tgz",
      "integrity": "sha512-m2CvfDW4+1qfDdsrtf4dwOslQC3yhbgyBFptncp4wvtdrDHqueW7slsYv4gArie056phvQFhT2nRcGS4bnm6mA=="
    },
    "babel-plugin-minify-builtins": {
      "version": "0.5.0",
      "resolved": "https://registry.npmjs.org/babel-plugin-minify-builtins/-/babel-plugin-minify-builtins-0.5.0.tgz",
      "integrity": "sha512-wpqbN7Ov5hsNwGdzuzvFcjgRlzbIeVv1gMIlICbPj0xkexnfoIDe7q+AZHMkQmAE/F9R5jkrB6TLfTegImlXag=="
    },
    "babel-plugin-minify-constant-folding": {
      "version": "0.5.0",
      "resolved": "https://registry.npmjs.org/babel-plugin-minify-constant-folding/-/babel-plugin-minify-constant-folding-0.5.0.tgz",
      "integrity": "sha512-Vj97CTn/lE9hR1D+jKUeHfNy+m1baNiJ1wJvoGyOBUx7F7kJqDZxr9nCHjO/Ad+irbR3HzR6jABpSSA29QsrXQ==",
      "requires": {
        "babel-helper-evaluate-path": "^0.5.0"
      }
    },
    "babel-plugin-minify-dead-code-elimination": {
      "version": "0.5.0",
      "resolved": "https://registry.npmjs.org/babel-plugin-minify-dead-code-elimination/-/babel-plugin-minify-dead-code-elimination-0.5.0.tgz",
      "integrity": "sha512-XQteBGXlgEoAKc/BhO6oafUdT4LBa7ARi55mxoyhLHNuA+RlzRmeMAfc31pb/UqU01wBzRc36YqHQzopnkd/6Q==",
      "requires": {
        "babel-helper-evaluate-path": "^0.5.0",
        "babel-helper-mark-eval-scopes": "^0.4.3",
        "babel-helper-remove-or-void": "^0.4.3",
        "lodash.some": "^4.6.0"
      }
    },
    "babel-plugin-minify-flip-comparisons": {
      "version": "0.4.3",
      "resolved": "https://registry.npmjs.org/babel-plugin-minify-flip-comparisons/-/babel-plugin-minify-flip-comparisons-0.4.3.tgz",
      "integrity": "sha1-AMqHDLjxO0XAOLPB68DyJyk8llo=",
      "requires": {
        "babel-helper-is-void-0": "^0.4.3"
      }
    },
    "babel-plugin-minify-guarded-expressions": {
      "version": "0.4.3",
      "resolved": "https://registry.npmjs.org/babel-plugin-minify-guarded-expressions/-/babel-plugin-minify-guarded-expressions-0.4.3.tgz",
      "integrity": "sha1-zHCbRFP9IbHzAod0RMifiEJ845c=",
      "requires": {
        "babel-helper-flip-expressions": "^0.4.3"
      }
    },
    "babel-plugin-minify-infinity": {
      "version": "0.4.3",
      "resolved": "https://registry.npmjs.org/babel-plugin-minify-infinity/-/babel-plugin-minify-infinity-0.4.3.tgz",
      "integrity": "sha1-37h2obCKBldjhO8/kuZTumB7Oco="
    },
    "babel-plugin-minify-mangle-names": {
      "version": "0.5.0",
      "resolved": "https://registry.npmjs.org/babel-plugin-minify-mangle-names/-/babel-plugin-minify-mangle-names-0.5.0.tgz",
      "integrity": "sha512-3jdNv6hCAw6fsX1p2wBGPfWuK69sfOjfd3zjUXkbq8McbohWy23tpXfy5RnToYWggvqzuMOwlId1PhyHOfgnGw==",
      "requires": {
        "babel-helper-mark-eval-scopes": "^0.4.3"
      }
    },
    "babel-plugin-minify-numeric-literals": {
      "version": "0.4.3",
      "resolved": "https://registry.npmjs.org/babel-plugin-minify-numeric-literals/-/babel-plugin-minify-numeric-literals-0.4.3.tgz",
      "integrity": "sha1-jk/VYcefeAEob/YOjF/Z3u6TwLw="
    },
    "babel-plugin-minify-replace": {
      "version": "0.5.0",
      "resolved": "https://registry.npmjs.org/babel-plugin-minify-replace/-/babel-plugin-minify-replace-0.5.0.tgz",
      "integrity": "sha512-aXZiaqWDNUbyNNNpWs/8NyST+oU7QTpK7J9zFEFSA0eOmtUNMU3fczlTTTlnCxHmq/jYNFEmkkSG3DDBtW3Y4Q=="
    },
    "babel-plugin-minify-simplify": {
      "version": "0.5.0",
      "resolved": "https://registry.npmjs.org/babel-plugin-minify-simplify/-/babel-plugin-minify-simplify-0.5.0.tgz",
      "integrity": "sha512-TM01J/YcKZ8XIQd1Z3nF2AdWHoDsarjtZ5fWPDksYZNsoOjQ2UO2EWm824Ym6sp127m44gPlLFiO5KFxU8pA5Q==",
      "requires": {
        "babel-helper-flip-expressions": "^0.4.3",
        "babel-helper-is-nodes-equiv": "^0.0.1",
        "babel-helper-to-multiple-sequence-expressions": "^0.5.0"
      }
    },
    "babel-plugin-minify-type-constructors": {
      "version": "0.4.3",
      "resolved": "https://registry.npmjs.org/babel-plugin-minify-type-constructors/-/babel-plugin-minify-type-constructors-0.4.3.tgz",
      "integrity": "sha1-G8bxW4f3qxCF1CszC3F2V6IVZQA=",
      "requires": {
        "babel-helper-is-void-0": "^0.4.3"
      }
    },
    "babel-plugin-transform-inline-consecutive-adds": {
      "version": "0.4.3",
      "resolved": "https://registry.npmjs.org/babel-plugin-transform-inline-consecutive-adds/-/babel-plugin-transform-inline-consecutive-adds-0.4.3.tgz",
      "integrity": "sha1-Mj1Ho+pjqDp6w8gRro5pQfrysNE="
    },
    "babel-plugin-transform-member-expression-literals": {
      "version": "6.9.4",
      "resolved": "https://registry.npmjs.org/babel-plugin-transform-member-expression-literals/-/babel-plugin-transform-member-expression-literals-6.9.4.tgz",
      "integrity": "sha1-NwOcmgwzE6OUlfqsL/OmtbnQOL8="
    },
    "babel-plugin-transform-merge-sibling-variables": {
      "version": "6.9.4",
      "resolved": "https://registry.npmjs.org/babel-plugin-transform-merge-sibling-variables/-/babel-plugin-transform-merge-sibling-variables-6.9.4.tgz",
      "integrity": "sha1-hbQi/DN3tEnJ0c3kQIcgNTJAHa4="
    },
    "babel-plugin-transform-minify-booleans": {
      "version": "6.9.4",
      "resolved": "https://registry.npmjs.org/babel-plugin-transform-minify-booleans/-/babel-plugin-transform-minify-booleans-6.9.4.tgz",
      "integrity": "sha1-rLs+VqNVXdI5KOS1gtKFFi3SsZg="
    },
    "babel-plugin-transform-property-literals": {
      "version": "6.9.4",
      "resolved": "https://registry.npmjs.org/babel-plugin-transform-property-literals/-/babel-plugin-transform-property-literals-6.9.4.tgz",
      "integrity": "sha1-mMHSHiVXNlc/k+zlRFn2ziSYXTk=",
      "requires": {
        "esutils": "^2.0.2"
      }
    },
    "babel-plugin-transform-regexp-constructors": {
      "version": "0.4.3",
      "resolved": "https://registry.npmjs.org/babel-plugin-transform-regexp-constructors/-/babel-plugin-transform-regexp-constructors-0.4.3.tgz",
      "integrity": "sha1-WLd3W2OvzzMyj66aX4j71PsLSWU="
    },
    "babel-plugin-transform-remove-console": {
      "version": "6.9.4",
      "resolved": "https://registry.npmjs.org/babel-plugin-transform-remove-console/-/babel-plugin-transform-remove-console-6.9.4.tgz",
      "integrity": "sha1-uYA2DAZzhOJLNXpYjYB9PINSd4A="
    },
    "babel-plugin-transform-remove-debugger": {
      "version": "6.9.4",
      "resolved": "https://registry.npmjs.org/babel-plugin-transform-remove-debugger/-/babel-plugin-transform-remove-debugger-6.9.4.tgz",
      "integrity": "sha1-QrcnYxyXl44estGZp67IShgznvI="
    },
    "babel-plugin-transform-remove-undefined": {
      "version": "0.5.0",
      "resolved": "https://registry.npmjs.org/babel-plugin-transform-remove-undefined/-/babel-plugin-transform-remove-undefined-0.5.0.tgz",
      "integrity": "sha512-+M7fJYFaEE/M9CXa0/IRkDbiV3wRELzA1kKQFCJ4ifhrzLKn/9VCCgj9OFmYWwBd8IB48YdgPkHYtbYq+4vtHQ==",
      "requires": {
        "babel-helper-evaluate-path": "^0.5.0"
      }
    },
    "babel-plugin-transform-simplify-comparison-operators": {
      "version": "6.9.4",
      "resolved": "https://registry.npmjs.org/babel-plugin-transform-simplify-comparison-operators/-/babel-plugin-transform-simplify-comparison-operators-6.9.4.tgz",
      "integrity": "sha1-9ir+CWyrDh9ootdT/fKDiIRxzrk="
    },
    "babel-plugin-transform-undefined-to-void": {
      "version": "6.9.4",
      "resolved": "https://registry.npmjs.org/babel-plugin-transform-undefined-to-void/-/babel-plugin-transform-undefined-to-void-6.9.4.tgz",
      "integrity": "sha1-viQcqBQEAwZ4t0hxcyK4nQyP4oA="
    },
    "babel-preset-minify": {
      "version": "0.5.0",
      "resolved": "https://registry.npmjs.org/babel-preset-minify/-/babel-preset-minify-0.5.0.tgz",
      "integrity": "sha512-xj1s9Mon+RFubH569vrGCayA9Fm2GMsCgDRm1Jb8SgctOB7KFcrVc2o8K3YHUyMz+SWP8aea75BoS8YfsXXuiA==",
      "requires": {
        "babel-plugin-minify-builtins": "^0.5.0",
        "babel-plugin-minify-constant-folding": "^0.5.0",
        "babel-plugin-minify-dead-code-elimination": "^0.5.0",
        "babel-plugin-minify-flip-comparisons": "^0.4.3",
        "babel-plugin-minify-guarded-expressions": "^0.4.3",
        "babel-plugin-minify-infinity": "^0.4.3",
        "babel-plugin-minify-mangle-names": "^0.5.0",
        "babel-plugin-minify-numeric-literals": "^0.4.3",
        "babel-plugin-minify-replace": "^0.5.0",
        "babel-plugin-minify-simplify": "^0.5.0",
        "babel-plugin-minify-type-constructors": "^0.4.3",
        "babel-plugin-transform-inline-consecutive-adds": "^0.4.3",
        "babel-plugin-transform-member-expression-literals": "^6.9.4",
        "babel-plugin-transform-merge-sibling-variables": "^6.9.4",
        "babel-plugin-transform-minify-booleans": "^6.9.4",
        "babel-plugin-transform-property-literals": "^6.9.4",
        "babel-plugin-transform-regexp-constructors": "^0.4.3",
        "babel-plugin-transform-remove-console": "^6.9.4",
        "babel-plugin-transform-remove-debugger": "^6.9.4",
        "babel-plugin-transform-remove-undefined": "^0.5.0",
        "babel-plugin-transform-simplify-comparison-operators": "^6.9.4",
        "babel-plugin-transform-undefined-to-void": "^6.9.4",
        "lodash.isplainobject": "^4.0.6"
      }
    },
    "esutils": {
      "version": "2.0.2",
      "resolved": "https://registry.npmjs.org/esutils/-/esutils-2.0.2.tgz",
      "integrity": "sha1-Cr9PHKpbyx96nYrMbepPqqBLrJs="
    },
    "lodash.isplainobject": {
      "version": "4.0.6",
      "resolved": "https://registry.npmjs.org/lodash.isplainobject/-/lodash.isplainobject-4.0.6.tgz",
      "integrity": "sha1-fFJqUtibRcRcxpC4gWO+BJf1UMs="
    },
    "lodash.some": {
      "version": "4.6.0",
      "resolved": "https://registry.npmjs.org/lodash.some/-/lodash.some-4.6.0.tgz",
      "integrity": "sha1-G7nzFO9ri63tE7VJFpsqlF62jk0="
    }
  }
}
